
Microsoft Visual Studio Solution File, Format Version 12.00
# Visual Studio 2015
Project("{FAE04EC0-301F-11D3-BF4B-00C04F79EFBC}") = "ShooterLouis", "ShooterLouis.csproj", "{569642DE-97B7-33DA-A902-34B50FC184BA}"
EndProject
Project("{FAE04EC0-301F-11D3-BF4B-00C04F79EFBC}") = "ShooterLouis.Editor", "ShooterLouis.Editor.csproj", "{10FE4914-7BB2-E820-D349-BDFEA27CCEF8}"
EndProject
Global
	GlobalSection(SolutionConfigurationPlatforms) = preSolution
		Debug|Any CPU = Debug|Any CPU
		Release|Any CPU = Release|Any CPU
	EndGlobalSection
	GlobalSection(ProjectConfigurationPlatforms) = postSolution
		{569642DE-97B7-33DA-A902-34B50FC184BA}.Debug|Any CPU.ActiveCfg = Debug|Any CPU
		{569642DE-97B7-33DA-A902-34B50FC184BA}.Debug|Any CPU.Build.0 = Debug|Any CPU
		{569642DE-97B7-33DA-A902-34B50FC184BA}.Release|Any CPU.ActiveCfg = Release|Any CPU
		{569642DE-97B7-33DA-A902-34B50FC184BA}.Release|Any CPU.Build.0 = Release|Any CPU
		{10FE4914-7BB2-E820-D349-BDFEA27CCEF8}.Debug|Any CPU.ActiveCfg = Debug|Any CPU
		{10FE4914-7BB2-E820-D349-BDFEA27CCEF8}.Debug|Any CPU.Build.0 = Debug|Any CPU
		{10FE4914-7BB2-E820-D349-BDFEA27CCEF8}.Release|Any CPU.ActiveCfg = Release|Any CPU
		{10FE4914-7BB2-E820-D349-BDFEA27CCEF8}.Release|Any CPU.Build.0 = Release|Any CPU
	EndGlobalSection
	GlobalSection(SolutionProperties) = preSolution
		HideSolutionNode = FALSE
	EndGlobalSection
EndGlobal
